
Microsoft Visual Studio Solution File, Format Version 12.00
# Visual Studio 2013
VisualStudioVersion = 12.0.30723.0
MinimumVisualStudioVersion = 10.0.40219.1
Project("{FAE04EC0-301F-11D3-BF4B-00C04F79EFBC}") = "ConfigCentral.WebApi.Specs", "ConfigCentral.WebApi.Specs\ConfigCentral.WebApi.Specs.csproj", "{ADF312AE-9A18-4B2D-941B-956D996680AD}"
EndProject
Project("{FAE04EC0-301F-11D3-BF4B-00C04F79EFBC}") = "ConfigCentral.WebApi", "ConfigCentral.WebApi\ConfigCentral.WebApi.csproj", "{20A7B2FF-C94B-471D-B3C9-E12143AC2841}"
EndProject
Global
	GlobalSection(SolutionConfigurationPlatforms) = preSolution
		Debug|Any CPU = Debug|Any CPU
		Release|Any CPU = Release|Any CPU
	EndGlobalSection
	GlobalSection(ProjectConfigurationPlatforms) = postSolution
		{ADF312AE-9A18-4B2D-941B-956D996680AD}.Debug|Any CPU.ActiveCfg = Debug|Any CPU
		{ADF312AE-9A18-4B2D-941B-956D996680AD}.Debug|Any CPU.Build.0 = Debug|Any CPU
		{ADF312AE-9A18-4B2D-941B-956D996680AD}.Release|Any CPU.ActiveCfg = Release|Any CPU
		{ADF312AE-9A18-4B2D-941B-956D996680AD}.Release|Any CPU.Build.0 = Release|Any CPU
		{20A7B2FF-C94B-471D-B3C9-E12143AC2841}.Debug|Any CPU.ActiveCfg = Debug|Any CPU
		{20A7B2FF-C94B-471D-B3C9-E12143AC2841}.Debug|Any CPU.Build.0 = Debug|Any CPU
		{20A7B2FF-C94B-471D-B3C9-E12143AC2841}.Release|Any CPU.ActiveCfg = Release|Any CPU
		{20A7B2FF-C94B-471D-B3C9-E12143AC2841}.Release|Any CPU.Build.0 = Release|Any CPU
	EndGlobalSection
	GlobalSection(SolutionProperties) = preSolution
		HideSolutionNode = FALSE
	EndGlobalSection
EndGlobal
